
Microsoft Visual Studio Solution File, Format Version 12.00
# Visual Studio 15
VisualStudioVersion = 15.0.28307.1209
MinimumVisualStudioVersion = 10.0.40219.1
Project("{FAE04EC0-301F-11D3-BF4B-00C04F79EFBC}") = "KenticoCommunity.StagingConfigurationModule", "KenticoCommunity.StagingConfigurationModule\KenticoCommunity.StagingConfigurationModule.csproj", "{E76AEF79-F656-4E0F-B15D-A07DE3DAECFA}"
EndProject
Global
	GlobalSection(SolutionConfigurationPlatforms) = preSolution
		Debug|Any CPU = Debug|Any CPU
		Release|Any CPU = Release|Any CPU
	EndGlobalSection
	GlobalSection(ProjectConfigurationPlatforms) = postSolution
		{E76AEF79-F656-4E0F-B15D-A07DE3DAECFA}.Debug|Any CPU.ActiveCfg = Debug|Any CPU
		{E76AEF79-F656-4E0F-B15D-A07DE3DAECFA}.Debug|Any CPU.Build.0 = Debug|Any CPU
		{E76AEF79-F656-4E0F-B15D-A07DE3DAECFA}.Release|Any CPU.ActiveCfg = Release|Any CPU
		{E76AEF79-F656-4E0F-B15D-A07DE3DAECFA}.Release|Any CPU.Build.0 = Release|Any CPU
	EndGlobalSection
	GlobalSection(SolutionProperties) = preSolution
		HideSolutionNode = FALSE
	EndGlobalSection
	GlobalSection(ExtensibilityGlobals) = postSolution
		SolutionGuid = {A92D6BAE-EBB7-418D-BA94-FA47119671F2}
	EndGlobalSection
EndGlobal
