
Microsoft Visual Studio Solution File, Format Version 12.00
# Visual Studio Version 16
VisualStudioVersion = 16.0.30907.101
MinimumVisualStudioVersion = 10.0.40219.1
Project("{9A19103F-16F7-4668-BE54-9A1E7A4F7556}") = "KenticoCommunity.StagingConfigurationModule", "KenticoCommunity.StagingConfigurationModule\KenticoCommunity.StagingConfigurationModule.csproj", "{E76AEF79-F656-4E0F-B15D-A07DE3DAECFA}"
EndProject
Project("{2150E333-8FDC-42A3-9474-1A3956D46DE8}") = "Solution Items", "Solution Items", "{334538EE-2AC1-43DA-873B-1945E282FF7F}"
	ProjectSection(SolutionItems) = preProject
		.gitignore = .gitignore
		Directory.Build.props = Directory.Build.props
		LICENSE = LICENSE
		README.md = README.md
	EndProjectSection
EndProject
Project("{9A19103F-16F7-4668-BE54-9A1E7A4F7556}") = "KenticoCommunity.StagingConfigurationModule.NetFramework.Tests", "KenticoCommunity.StagingConfigurationModule.NetFramework.Tests\KenticoCommunity.StagingConfigurationModule.NetFramework.Tests.csproj", "{B52FCAAC-5AA2-4802-AA7F-BA6C63084BF5}"
EndProject
Global
	GlobalSection(SolutionConfigurationPlatforms) = preSolution
		Debug|Any CPU = Debug|Any CPU
		Release|Any CPU = Release|Any CPU
	EndGlobalSection
	GlobalSection(ProjectConfigurationPlatforms) = postSolution
		{E76AEF79-F656-4E0F-B15D-A07DE3DAECFA}.Debug|Any CPU.ActiveCfg = Debug|Any CPU
		{E76AEF79-F656-4E0F-B15D-A07DE3DAECFA}.Debug|Any CPU.Build.0 = Debug|Any CPU
		{E76AEF79-F656-4E0F-B15D-A07DE3DAECFA}.Release|Any CPU.ActiveCfg = Release|Any CPU
		{E76AEF79-F656-4E0F-B15D-A07DE3DAECFA}.Release|Any CPU.Build.0 = Release|Any CPU
		{B52FCAAC-5AA2-4802-AA7F-BA6C63084BF5}.Debug|Any CPU.ActiveCfg = Debug|Any CPU
		{B52FCAAC-5AA2-4802-AA7F-BA6C63084BF5}.Debug|Any CPU.Build.0 = Debug|Any CPU
		{B52FCAAC-5AA2-4802-AA7F-BA6C63084BF5}.Release|Any CPU.ActiveCfg = Release|Any CPU
		{B52FCAAC-5AA2-4802-AA7F-BA6C63084BF5}.Release|Any CPU.Build.0 = Release|Any CPU
	EndGlobalSection
	GlobalSection(SolutionProperties) = preSolution
		HideSolutionNode = FALSE
	EndGlobalSection
	GlobalSection(ExtensibilityGlobals) = postSolution
		SolutionGuid = {A92D6BAE-EBB7-418D-BA94-FA47119671F2}
	EndGlobalSection
EndGlobal
